
Microsoft Visual Studio Solution File, Format Version 12.00
# Visual Studio Version 16
VisualStudioVersion = 16.0.35425.106
MinimumVisualStudioVersion = 10.0.40219.1
Project("{FAE04EC0-301F-11D3-BF4B-00C04F79EFBC}") = "BacnetDevice_VC100", "BacnetDevice_VC100\BacnetDevice_VC100.csproj", "{D9EA5C36-BDF9-428D-8ED7-15018A8AC997}"
EndProject
Project("{FAE04EC0-301F-11D3-BF4B-00C04F79EFBC}") = "BacnetDevice_VC100.Test", "BacnetDevice_VC100.Test\BacnetDevice_VC100.Test.csproj", "{8BBC251B-9AB6-48AC-A8D9-FD3B8B669A0A}"
EndProject
Project("{FAE04EC0-301F-11D3-BF4B-00C04F79EFBC}") = "BacnetInventoryApp", "BacnetInventoryApp\BacnetInventoryApp.csproj", "{9864C689-A563-44D4-A833-5034F1D13BA5}"
EndProject
Project("{FAE04EC0-301F-11D3-BF4B-00C04F79EFBC}") = "BacnetInventoryScanner", "BacnetInventoryScanner\BacnetInventoryScanner.csproj", "{D5AB2CFD-FF60-4441-915E-5A1006FF93E0}"
EndProject
Global
	GlobalSection(SolutionConfigurationPlatforms) = preSolution
		Debug|Any CPU = Debug|Any CPU
		Release|Any CPU = Release|Any CPU
	EndGlobalSection
	GlobalSection(ProjectConfigurationPlatforms) = postSolution
		{D9EA5C36-BDF9-428D-8ED7-15018A8AC997}.Debug|Any CPU.ActiveCfg = Debug|Any CPU
		{D9EA5C36-BDF9-428D-8ED7-15018A8AC997}.Debug|Any CPU.Build.0 = Debug|Any CPU
		{D9EA5C36-BDF9-428D-8ED7-15018A8AC997}.Release|Any CPU.ActiveCfg = Release|Any CPU
		{D9EA5C36-BDF9-428D-8ED7-15018A8AC997}.Release|Any CPU.Build.0 = Release|Any CPU
		{8BBC251B-9AB6-48AC-A8D9-FD3B8B669A0A}.Debug|Any CPU.ActiveCfg = Debug|Any CPU
		{8BBC251B-9AB6-48AC-A8D9-FD3B8B669A0A}.Debug|Any CPU.Build.0 = Debug|Any CPU
		{8BBC251B-9AB6-48AC-A8D9-FD3B8B669A0A}.Release|Any CPU.ActiveCfg = Release|Any CPU
		{8BBC251B-9AB6-48AC-A8D9-FD3B8B669A0A}.Release|Any CPU.Build.0 = Release|Any CPU
		{9864C689-A563-44D4-A833-5034F1D13BA5}.Debug|Any CPU.ActiveCfg = Debug|Any CPU
		{9864C689-A563-44D4-A833-5034F1D13BA5}.Debug|Any CPU.Build.0 = Debug|Any CPU
		{9864C689-A563-44D4-A833-5034F1D13BA5}.Release|Any CPU.ActiveCfg = Release|Any CPU
		{9864C689-A563-44D4-A833-5034F1D13BA5}.Release|Any CPU.Build.0 = Release|Any CPU
		{D5AB2CFD-FF60-4441-915E-5A1006FF93E0}.Debug|Any CPU.ActiveCfg = Debug|Any CPU
		{D5AB2CFD-FF60-4441-915E-5A1006FF93E0}.Debug|Any CPU.Build.0 = Debug|Any CPU
		{D5AB2CFD-FF60-4441-915E-5A1006FF93E0}.Release|Any CPU.ActiveCfg = Release|Any CPU
		{D5AB2CFD-FF60-4441-915E-5A1006FF93E0}.Release|Any CPU.Build.0 = Release|Any CPU
	EndGlobalSection
	GlobalSection(SolutionProperties) = preSolution
		HideSolutionNode = FALSE
	EndGlobalSection
	GlobalSection(ExtensibilityGlobals) = postSolution
		SolutionGuid = {C887C932-30D0-4B89-A4D7-A100A25404BF}
	EndGlobalSection
EndGlobal
